<Solution>
  <Folder Name="/src/">
    <Project Path="src/TaskApp.Api/TaskApp.Api.csproj" />
    <Project Path="src/TaskApp.Application/TaskApp.Application.csproj" />
    <Project Path="src/TaskApp.Domain/TaskApp.Domain.csproj" />
    <Project Path="src/TaskApp.Infrastructure/TaskApp.Infrastructure.csproj" />
  </Folder>
  <Folder Name="/tests/">
    <Project Path="tests/TaskApp.Tests.Unit/TaskApp.Tests.Unit.csproj" />
  </Folder>
</Solution>
